
Microsoft Visual Studio Solution File, Format Version 12.00
# Visual Studio Version 17
VisualStudioVersion = 17.8.34511.84
MinimumVisualStudioVersion = 10.0.40219.1
Project("{2150E333-8FDC-42A3-9474-1A3956D46DE8}") = "Services", "Services", "{A649354B-665C-4336-85D2-65C7C9B76C0F}"
EndProject
Project("{2150E333-8FDC-42A3-9474-1A3956D46DE8}") = "Catalog", "Catalog", "{C75D9B21-F5C7-4BEC-8DDC-F2C99FC8EE62}"
EndProject
Project("{9A19103F-16F7-4668-BE54-9A1E7A4F7556}") = "Catalog.API", "Services\Catalog\Catalog.API\Catalog.API.csproj", "{4B02BFA4-1F4C-4816-B61C-A0BF7C2422F9}"
EndProject
Project("{2150E333-8FDC-42A3-9474-1A3956D46DE8}") = "BuildingBlocks", "BuildingBlocks", "{BDD49F9B-8D69-46E2-866E-342F08DA9CBD}"
EndProject
Project("{9A19103F-16F7-4668-BE54-9A1E7A4F7556}") = "BuildingBlocks", "BuildingBlocks\BuildingBlocks\BuildingBlocks.csproj", "{A9970CCA-701A-4A88-A64E-46B3C86699A4}"
EndProject
Project("{E53339B2-1760-4266-BCC7-CA923CBCF16C}") = "docker-compose", "docker-compose.dcproj", "{01DC9AE4-67D9-4C6E-9E2F-2436BF7295D2}"
EndProject
Project("{2150E333-8FDC-42A3-9474-1A3956D46DE8}") = "Basket", "Basket", "{0B31D6E9-2E33-45E1-B6DB-0A38A105F0D1}"
EndProject
Project("{9A19103F-16F7-4668-BE54-9A1E7A4F7556}") = "Basket.API", "Services\Basket\Basket.API\Basket.API.csproj", "{0E94364E-2665-4047-84B9-FD0061D2E19F}"
EndProject
Project("{2150E333-8FDC-42A3-9474-1A3956D46DE8}") = "Discount", "Discount", "{DA53A7AD-76FC-4A64-BDF1-932C0AD48CB0}"
EndProject
Project("{FAE04EC0-301F-11D3-BF4B-00C04F79EFBC}") = "Discount.Grpc", "Services\Discount\Discount.Grpc\Discount.Grpc.csproj", "{9820AEB5-8A88-471B-8D43-0998095F2C01}"
EndProject
Global
	GlobalSection(SolutionConfigurationPlatforms) = preSolution
		Debug|Any CPU = Debug|Any CPU
		Release|Any CPU = Release|Any CPU
	EndGlobalSection
	GlobalSection(ProjectConfigurationPlatforms) = postSolution
		{4B02BFA4-1F4C-4816-B61C-A0BF7C2422F9}.Debug|Any CPU.ActiveCfg = Debug|Any CPU
		{4B02BFA4-1F4C-4816-B61C-A0BF7C2422F9}.Debug|Any CPU.Build.0 = Debug|Any CPU
		{4B02BFA4-1F4C-4816-B61C-A0BF7C2422F9}.Release|Any CPU.ActiveCfg = Release|Any CPU
		{4B02BFA4-1F4C-4816-B61C-A0BF7C2422F9}.Release|Any CPU.Build.0 = Release|Any CPU
		{A9970CCA-701A-4A88-A64E-46B3C86699A4}.Debug|Any CPU.ActiveCfg = Debug|Any CPU
		{A9970CCA-701A-4A88-A64E-46B3C86699A4}.Debug|Any CPU.Build.0 = Debug|Any CPU
		{A9970CCA-701A-4A88-A64E-46B3C86699A4}.Release|Any CPU.ActiveCfg = Release|Any CPU
		{A9970CCA-701A-4A88-A64E-46B3C86699A4}.Release|Any CPU.Build.0 = Release|Any CPU
		{01DC9AE4-67D9-4C6E-9E2F-2436BF7295D2}.Debug|Any CPU.ActiveCfg = Debug|Any CPU
		{01DC9AE4-67D9-4C6E-9E2F-2436BF7295D2}.Debug|Any CPU.Build.0 = Debug|Any CPU
		{01DC9AE4-67D9-4C6E-9E2F-2436BF7295D2}.Release|Any CPU.ActiveCfg = Release|Any CPU
		{01DC9AE4-67D9-4C6E-9E2F-2436BF7295D2}.Release|Any CPU.Build.0 = Release|Any CPU
		{0E94364E-2665-4047-84B9-FD0061D2E19F}.Debug|Any CPU.ActiveCfg = Debug|Any CPU
		{0E94364E-2665-4047-84B9-FD0061D2E19F}.Debug|Any CPU.Build.0 = Debug|Any CPU
		{0E94364E-2665-4047-84B9-FD0061D2E19F}.Release|Any CPU.ActiveCfg = Release|Any CPU
		{0E94364E-2665-4047-84B9-FD0061D2E19F}.Release|Any CPU.Build.0 = Release|Any CPU
		{9820AEB5-8A88-471B-8D43-0998095F2C01}.Debug|Any CPU.ActiveCfg = Debug|Any CPU
		{9820AEB5-8A88-471B-8D43-0998095F2C01}.Debug|Any CPU.Build.0 = Debug|Any CPU
		{9820AEB5-8A88-471B-8D43-0998095F2C01}.Release|Any CPU.ActiveCfg = Release|Any CPU
		{9820AEB5-8A88-471B-8D43-0998095F2C01}.Release|Any CPU.Build.0 = Release|Any CPU
	EndGlobalSection
	GlobalSection(SolutionProperties) = preSolution
		HideSolutionNode = FALSE
	EndGlobalSection
	GlobalSection(NestedProjects) = preSolution
		{C75D9B21-F5C7-4BEC-8DDC-F2C99FC8EE62} = {A649354B-665C-4336-85D2-65C7C9B76C0F}
		{4B02BFA4-1F4C-4816-B61C-A0BF7C2422F9} = {C75D9B21-F5C7-4BEC-8DDC-F2C99FC8EE62}
		{A9970CCA-701A-4A88-A64E-46B3C86699A4} = {BDD49F9B-8D69-46E2-866E-342F08DA9CBD}
		{0B31D6E9-2E33-45E1-B6DB-0A38A105F0D1} = {A649354B-665C-4336-85D2-65C7C9B76C0F}
		{0E94364E-2665-4047-84B9-FD0061D2E19F} = {0B31D6E9-2E33-45E1-B6DB-0A38A105F0D1}
		{DA53A7AD-76FC-4A64-BDF1-932C0AD48CB0} = {A649354B-665C-4336-85D2-65C7C9B76C0F}
		{9820AEB5-8A88-471B-8D43-0998095F2C01} = {DA53A7AD-76FC-4A64-BDF1-932C0AD48CB0}
	EndGlobalSection
	GlobalSection(ExtensibilityGlobals) = postSolution
		SolutionGuid = {9F46B59D-7E00-454A-893C-7F3E33A09453}
	EndGlobalSection
EndGlobal
